Microsoft Visual Studio Solution File, Format Version 12.00
# Visual Studio Version 17
VisualStudioVersion = 17.5.2.0
MinimumVisualStudioVersion = 10.0.40219.1
Project("{FAE04EC0-301F-11D3-BF4B-00C04F79EFBC}") = "NumGen", "NumGen.csproj", "{EBC34DE6-B9F6-25DC-F94F-C704DC1BB1BB}"
EndProject
Global
	GlobalSection(SolutionConfigurationPlatforms) = preSolution
		Debug|Any CPU = Debug|Any CPU
		Release|Any CPU = Release|Any CPU
	EndGlobalSection
	GlobalSection(ProjectConfigurationPlatforms) = postSolution
		{EBC34DE6-B9F6-25DC-F94F-C704DC1BB1BB}.Debug|Any CPU.ActiveCfg = Debug|Any CPU
		{EBC34DE6-B9F6-25DC-F94F-C704DC1BB1BB}.Debug|Any CPU.Build.0 = Debug|Any CPU
		{EBC34DE6-B9F6-25DC-F94F-C704DC1BB1BB}.Release|Any CPU.ActiveCfg = Release|Any CPU
		{EBC34DE6-B9F6-25DC-F94F-C704DC1BB1BB}.Release|Any CPU.Build.0 = Release|Any CPU
	EndGlobalSection
	GlobalSection(SolutionProperties) = preSolution
		HideSolutionNode = FALSE
	EndGlobalSection
	GlobalSection(ExtensibilityGlobals) = postSolution
		SolutionGuid = {6F75E474-DDD9-4922-98F0-8011BE5ACFEE}
	EndGlobalSection
EndGlobal
